# This file is automatically @generated by Cargo.
# It is not intended for manual editing.
version = 3

[[package]]
name = "lazy_static"
version = "1.4.0"
source = "registry+https://github.com/rust-lang/crates.io-index"
checksum = "e2abad23fbc42b3700f2f279844dc832adb2b2eb069b2df918f455c4e18cc646"

[[package]]
name = "once_cell"
version = "1.16.0"
source = "registry+https://github.com/rust-lang/crates.io-index"
checksum = "86f0b0d4bf799edbc74508c1e8bf170ff5f41238e5f8225603ca7caaae2b7860"

[[package]]
name = "rust"
version = "0.1.0"
dependencies = [
 "lazy_static",
 "once_cell",
]
